// !$*UTF8*$!
{
	archiveVersion = 1;
	classes = {
	};
	objectVersion = 56;
	objects = {

/* Begin PBXBuildFile section */
		9E2CC2892A1E5D3B00C863E2 /* main.cpp in Sources */ = {isa = PBXBuildFile; fileRef = 9E2CC2882A1E5D3B00C863E2 /* main.cpp */; };
		9E9CA9872A1E65BB00F0BE38 /* libvulkan.1.3.243.dylib in CopyFiles */ = {isa = PBXBuildFile; fileRef = 9E9CA9852A1E611000F0BE38 /* libvulkan.1.3.243.dylib */; };
		9E9CA9882A1E65C000F0BE38 /* libglfw.3.dylib in CopyFiles */ = {isa = PBXBuildFile; fileRef = 9E9CA9832A1E5E5200F0BE38 /* libglfw.3.dylib */; };
		9E9CA9892A1E66BB00F0BE38 /* libglfw.3.dylib in Frameworks */ = {isa = PBXBuildFile; fileRef = 9E9CA9832A1E5E5200F0BE38 /* libglfw.3.dylib */; };
		9E9CA98A2A1E66C800F0BE38 /* libvulkan.1.3.243.dylib in Frameworks */ = {isa = PBXBuildFile; fileRef = 9E9CA9852A1E611000F0BE38 /* libvulkan.1.3.243.dylib */; };
		9E9CA98E2A1F216F00F0BE38 /* HelloTriangleApplication.cpp in Sources */ = {isa = PBXBuildFile; fileRef = 9E9CA98D2A1F216F00F0BE38 /* HelloTriangleApplication.cpp */; };
/* End PBXBuildFile section */

/* Begin PBXCopyFilesBuildPhase section */
		9E2CC2832A1E5D3B00C863E2 /* CopyFiles */ = {
			isa = PBXCopyFilesBuildPhase;
			buildActionMask = 12;
			dstPath = "";
			dstSubfolderSpec = 10;
			files = (
				9E9CA9882A1E65C000F0BE38 /* libglfw.3.dylib in CopyFiles */,
				9E9CA9872A1E65BB00F0BE38 /* libvulkan.1.3.243.dylib in CopyFiles */,
			);
			runOnlyForDeploymentPostprocessing = 0;
		};
/* End PBXCopyFilesBuildPhase section */

/* Begin PBXFileReference section */
		9E2CC2852A1E5D3B00C863E2 /* VulkanTutorial */ = {isa = PBXFileReference; explicitFileType = "compiled.mach-o.executable"; includeInIndex = 0; path = VulkanTutorial; sourceTree = BUILT_PRODUCTS_DIR; };
		9E2CC2882A1E5D3B00C863E2 /* main.cpp */ = {isa = PBXFileReference; lastKnownFileType = sourcecode.cpp.cpp; path = main.cpp; sourceTree = "<group>"; };
		9E9CA9832A1E5E5200F0BE38 /* libglfw.3.dylib */ = {isa = PBXFileReference; lastKnownFileType = "compiled.mach-o.dylib"; name = libglfw.3.dylib; path = "../lib/glfw/lib-x86_64/libglfw.3.dylib"; sourceTree = "<group>"; };
		9E9CA9852A1E611000F0BE38 /* libvulkan.1.3.243.dylib */ = {isa = PBXFileReference; lastKnownFileType = "compiled.mach-o.dylib"; name = libvulkan.1.3.243.dylib; path = ../../../VulkanSDK/1.3.243.0/macOS/lib/libvulkan.1.3.243.dylib; sourceTree = "<group>"; };
		9E9CA98B2A1E674F00F0BE38 /* VulkanTutorial.entitlements */ = {isa = PBXFileReference; lastKnownFileType = text.plist.entitlements; path = VulkanTutorial.entitlements; sourceTree = "<group>"; };
		9E9CA98C2A1F1F5400F0BE38 /* HelloTriangleApplication.h */ = {isa = PBXFileReference; lastKnownFileType = sourcecode.c.h; path = HelloTriangleApplication.h; sourceTree = "<group>"; };
		9E9CA98D2A1F216F00F0BE38 /* HelloTriangleApplication.cpp */ = {isa = PBXFileReference; lastKnownFileType = sourcecode.cpp.cpp; path = HelloTriangleApplication.cpp; sourceTree = "<group>"; };
		9E9CA98F2A220E1C00F0BE38 /* Utils.h */ = {isa = PBXFileReference; lastKnownFileType = sourcecode.c.h; path = Utils.h; sourceTree = "<group>"; };
/* End PBXFileReference section */

/* Begin PBXFrameworksBuildPhase section */
		9E2CC2822A1E5D3B00C863E2 /* Frameworks */ = {
			isa = PBXFrameworksBuildPhase;
			buildActionMask = 2147483647;
			files = (
				9E9CA98A2A1E66C800F0BE38 /* libvulkan.1.3.243.dylib in Frameworks */,
				9E9CA9892A1E66BB00F0BE38 /* libglfw.3.dylib in Frameworks */,
			);
			runOnlyForDeploymentPostprocessing = 0;
		};
/* End PBXFrameworksBuildPhase section */

/* Begin PBXGroup section */
		9E2CC27C2A1E5D3B00C863E2 = {
			isa = PBXGroup;
			children = (
				9E2CC2872A1E5D3B00C863E2 /* VulkanTutorial */,
				9E2CC2862A1E5D3B00C863E2 /* Products */,
				9E9CA9822A1E5E5200F0BE38 /* Frameworks */,
			);
			sourceTree = "<group>";
		};
		9E2CC2862A1E5D3B00C863E2 /* Products */ = {
			isa = PBXGroup;
			children = (
				9E2CC2852A1E5D3B00C863E2 /* VulkanTutorial */,
			);
			name = Products;
			sourceTree = "<group>";
		};
		9E2CC2872A1E5D3B00C863E2 /* VulkanTutorial */ = {
			isa = PBXGroup;
			children = (
				9E9CA98B2A1E674F00F0BE38 /* VulkanTutorial.entitlements */,
				9E2CC2882A1E5D3B00C863E2 /* main.cpp */,
				9E9CA98C2A1F1F5400F0BE38 /* HelloTriangleApplication.h */,
				9E9CA98D2A1F216F00F0BE38 /* HelloTriangleApplication.cpp */,
				9E9CA98F2A220E1C00F0BE38 /* Utils.h */,
			);
			path = VulkanTutorial;
			sourceTree = "<group>";
		};
		9E9CA9822A1E5E5200F0BE38 /* Frameworks */ = {
			isa = PBXGroup;
			children = (
				9E9CA9852A1E611000F0BE38 /* libvulkan.1.3.243.dylib */,
				9E9CA9832A1E5E5200F0BE38 /* libglfw.3.dylib */,
			);
			name = Frameworks;
			sourceTree = "<group>";
		};
/* End PBXGroup section */

/* Begin PBXNativeTarget section */
		9E2CC2842A1E5D3B00C863E2 /* VulkanTutorial */ = {
			isa = PBXNativeTarget;
			buildConfigurationList = 9E2CC28C2A1E5D3B00C863E2 /* Build configuration list for PBXNativeTarget "VulkanTutorial" */;
			buildPhases = (
				9E2CC2812A1E5D3B00C863E2 /* Sources */,
				9E2CC2822A1E5D3B00C863E2 /* Frameworks */,
				9E2CC2832A1E5D3B00C863E2 /* CopyFiles */,
			);
			buildRules = (
			);
			dependencies = (
			);
			name = VulkanTutorial;
			productName = VulkanTutorial;
			productReference = 9E2CC2852A1E5D3B00C863E2 /* VulkanTutorial */;
			productType = "com.apple.product-type.tool";
		};
/* End PBXNativeTarget section */

/* Begin PBXProject section */
		9E2CC27D2A1E5D3B00C863E2 /* Project object */ = {
			isa = PBXProject;
			attributes = {
				BuildIndependentTargetsInParallel = 1;
				LastUpgradeCheck = 1430;
				TargetAttributes = {
					9E2CC2842A1E5D3B00C863E2 = {
						CreatedOnToolsVersion = 14.3;
					};
				};
			};
			buildConfigurationList = 9E2CC2802A1E5D3B00C863E2 /* Build configuration list for PBXProject "VulkanTutorial" */;
			compatibilityVersion = "Xcode 14.0";
			developmentRegion = en;
			hasScannedForEncodings = 0;
			knownRegions = (
				en,
				Base,
			);
			mainGroup = 9E2CC27C2A1E5D3B00C863E2;
			productRefGroup = 9E2CC2862A1E5D3B00C863E2 /* Products */;
			projectDirPath = "";
			projectRoot = "";
			targets = (
				9E2CC2842A1E5D3B00C863E2 /* VulkanTutorial */,
			);
		};
/* End PBXProject section */

/* Begin PBXSourcesBuildPhase section */
		9E2CC2812A1E5D3B00C863E2 /* Sources */ = {
			isa = PBXSourcesBuildPhase;
			buildActionMask = 2147483647;
			files = (
				9E2CC2892A1E5D3B00C863E2 /* main.cpp in Sources */,
				9E9CA98E2A1F216F00F0BE38 /* HelloTriangleApplication.cpp in Sources */,
			);
			runOnlyForDeploymentPostprocessing = 0;
		};
/* End PBXSourcesBuildPhase section */

/* Begin XCBuildConfiguration section */
		9E2CC28A2A1E5D3B00C863E2 /* Debug */ = {
			isa = XCBuildConfiguration;
			buildSettings = {
				ALWAYS_SEARCH_USER_PATHS = NO;
				CLANG_ANALYZER_NONNULL = YES;
				CLANG_ANALYZER_NUMBER_OBJECT_CONVERSION = YES_AGGRESSIVE;
				CLANG_CXX_LANGUAGE_STANDARD = "gnu++20";
				CLANG_ENABLE_MODULES = YES;
				CLANG_ENABLE_OBJC_ARC = YES;
				CLANG_ENABLE_OBJC_WEAK = YES;
				CLANG_WARN_BLOCK_CAPTURE_AUTORELEASING = YES;
				CLANG_WARN_BOOL_CONVERSION = YES;
				CLANG_WARN_COMMA = YES;
				CLANG_WARN_CONSTANT_CONVERSION = YES;
				CLANG_WARN_DEPRECATED_OBJC_IMPLEMENTATIONS = YES;
				CLANG_WARN_DIRECT_OBJC_ISA_USAGE = YES_ERROR;
				CLANG_WARN_DOCUMENTATION_COMMENTS = YES;
				CLANG_WARN_EMPTY_BODY = YES;
				CLANG_WARN_ENUM_CONVERSION = YES;
				CLANG_WARN_INFINITE_RECURSION = YES;
				CLANG_WARN_INT_CONVERSION = YES;
				CLANG_WARN_NON_LITERAL_NULL_CONVERSION = YES;
				CLANG_WARN_OBJC_IMPLICIT_RETAIN_SELF = YES;
				CLANG_WARN_OBJC_LITERAL_CONVERSION = YES;
				CLANG_WARN_OBJC_ROOT_CLASS = YES_ERROR;
				CLANG_WARN_QUOTED_INCLUDE_IN_FRAMEWORK_HEADER = YES;
				CLANG_WARN_RANGE_LOOP_ANALYSIS = YES;
				CLANG_WARN_STRICT_PROTOTYPES = YES;
				CLANG_WARN_SUSPICIOUS_MOVE = YES;
				CLANG_WARN_UNGUARDED_AVAILABILITY = YES_AGGRESSIVE;
				CLANG_WARN_UNREACHABLE_CODE = YES;
				CLANG_WARN__DUPLICATE_METHOD_MATCH = YES;
				COPY_PHASE_STRIP = NO;
				DEBUG_INFORMATION_FORMAT = dwarf;
				ENABLE_STRICT_OBJC_MSGSEND = YES;
				ENABLE_TESTABILITY = YES;
				GCC_C_LANGUAGE_STANDARD = gnu11;
				GCC_DYNAMIC_NO_PIC = NO;
				GCC_NO_COMMON_BLOCKS = YES;
				GCC_OPTIMIZATION_LEVEL = 0;
				GCC_PREPROCESSOR_DEFINITIONS = (
					"DEBUG=1",
					"$(inherited)",
				);
				GCC_WARN_64_TO_32_BIT_CONVERSION = YES;
				GCC_WARN_ABOUT_RETURN_TYPE = YES_ERROR;
				GCC_WARN_UNDECLARED_SELECTOR = YES;
				GCC_WARN_UNINITIALIZED_AUTOS = YES_AGGRESSIVE;
				GCC_WARN_UNUSED_FUNCTION = YES;
				GCC_WARN_UNUSED_VARIABLE = YES;
				MACOSX_DEPLOYMENT_TARGET = 13.3;
				MTL_ENABLE_DEBUG_INFO = INCLUDE_SOURCE;
				MTL_FAST_MATH = YES;
				ONLY_ACTIVE_ARCH = YES;
				SDKROOT = macosx;
			};
			name = Debug;
		};
		9E2CC28B2A1E5D3B00C863E2 /* Release */ = {
			isa = XCBuildConfiguration;
			buildSettings = {
				ALWAYS_SEARCH_USER_PATHS = NO;
				CLANG_ANALYZER_NONNULL = YES;
				CLANG_ANALYZER_NUMBER_OBJECT_CONVERSION = YES_AGGRESSIVE;
				CLANG_CXX_LANGUAGE_STANDARD = "gnu++20";
				CLANG_ENABLE_MODULES = YES;
				CLANG_ENABLE_OBJC_ARC = YES;
				CLANG_ENABLE_OBJC_WEAK = YES;
				CLANG_WARN_BLOCK_CAPTURE_AUTORELEASING = YES;
				CLANG_WARN_BOOL_CONVERSION = YES;
				CLANG_WARN_COMMA = YES;
				CLANG_WARN_CONSTANT_CONVERSION = YES;
				CLANG_WARN_DEPRECATED_OBJC_IMPLEMENTATIONS = YES;
				CLANG_WARN_DIRECT_OBJC_ISA_USAGE = YES_ERROR;
				CLANG_WARN_DOCUMENTATION_COMMENTS = YES;
				CLANG_WARN_EMPTY_BODY = YES;
				CLANG_WARN_ENUM_CONVERSION = YES;
				CLANG_WARN_INFINITE_RECURSION = YES;
				CLANG_WARN_INT_CONVERSION = YES;
				CLANG_WARN_NON_LITERAL_NULL_CONVERSION = YES;
				CLANG_WARN_OBJC_IMPLICIT_RETAIN_SELF = YES;
				CLANG_WARN_OBJC_LITERAL_CONVERSION = YES;
				CLANG_WARN_OBJC_ROOT_CLASS = YES_ERROR;
				CLANG_WARN_QUOTED_INCLUDE_IN_FRAMEWORK_HEADER = YES;
				CLANG_WARN_RANGE_LOOP_ANALYSIS = YES;
				CLANG_WARN_STRICT_PROTOTYPES = YES;
				CLANG_WARN_SUSPICIOUS_MOVE = YES;
				CLANG_WARN_UNGUARDED_AVAILABILITY = YES_AGGRESSIVE;
				CLANG_WARN_UNREACHABLE_CODE = YES;
				CLANG_WARN__DUPLICATE_METHOD_MATCH = YES;
				COPY_PHASE_STRIP = NO;
				DEBUG_INFORMATION_FORMAT = "dwarf-with-dsym";
				ENABLE_NS_ASSERTIONS = NO;
				ENABLE_STRICT_OBJC_MSGSEND = YES;
				GCC_C_LANGUAGE_STANDARD = gnu11;
				GCC_NO_COMMON_BLOCKS = YES;
				GCC_WARN_64_TO_32_BIT_CONVERSION = YES;
				GCC_WARN_ABOUT_RETURN_TYPE = YES_ERROR;
				GCC_WARN_UNDECLARED_SELECTOR = YES;
				GCC_WARN_UNINITIALIZED_AUTOS = YES_AGGRESSIVE;
				GCC_WARN_UNUSED_FUNCTION = YES;
				GCC_WARN_UNUSED_VARIABLE = YES;
				MACOSX_DEPLOYMENT_TARGET = 13.3;
				MTL_ENABLE_DEBUG_INFO = NO;
				MTL_FAST_MATH = YES;
				SDKROOT = macosx;
			};
			name = Release;
		};
		9E2CC28D2A1E5D3B00C863E2 /* Debug */ = {
			isa = XCBuildConfiguration;
			buildSettings = {
				CODE_SIGN_ENTITLEMENTS = VulkanTutorial/VulkanTutorial.entitlements;
				CODE_SIGN_STYLE = Automatic;
				DEVELOPMENT_TEAM = 8G8H2SSHUN;
				ENABLE_HARDENED_RUNTIME = YES;
				HEADER_SEARCH_PATHS = (
					"/Users/zhangbo/project/VulkanTutorial/lib/glfw/include/**",
					"/Users/zhangbo/VulkanSDK/1.3.243.0/macOS/include/**",
					"/Users/zhangbo/project/VulkanTutorial/lib/glm/**",
				);
				LIBRARY_SEARCH_PATHS = (
					"/Users/zhangbo/VulkanSDK/1.3.243.0/macOS/lib/**",
					"/Users/zhangbo/project/VulkanTutorial/lib/glfw/lib-x86_64/**",
				);
				PRODUCT_NAME = "$(TARGET_NAME)";
			};
			name = Debug;
		};
		9E2CC28E2A1E5D3B00C863E2 /* Release */ = {
			isa = XCBuildConfiguration;
			buildSettings = {
				CODE_SIGN_ENTITLEMENTS = VulkanTutorial/VulkanTutorial.entitlements;
				CODE_SIGN_STYLE = Automatic;
				DEVELOPMENT_TEAM = 8G8H2SSHUN;
				ENABLE_HARDENED_RUNTIME = YES;
				HEADER_SEARCH_PATHS = (
					"/Users/zhangbo/project/VulkanTutorial/lib/glfw/include/**",
					"/Users/zhangbo/VulkanSDK/1.3.243.0/macOS/include/**",
					"/Users/zhangbo/project/VulkanTutorial/lib/glm/**",
				);
				LIBRARY_SEARCH_PATHS = (
					"/Users/zhangbo/VulkanSDK/1.3.243.0/macOS/lib/**",
					"/Users/zhangbo/project/VulkanTutorial/lib/glfw/lib-x86_64/**",
				);
				PRODUCT_NAME = "$(TARGET_NAME)";
			};
			name = Release;
		};
/* End XCBuildConfiguration section */

/* Begin XCConfigurationList section */
		9E2CC2802A1E5D3B00C863E2 /* Build configuration list for PBXProject "VulkanTutorial" */ = {
			isa = XCConfigurationList;
			buildConfigurations = (
				9E2CC28A2A1E5D3B00C863E2 /* Debug */,
				9E2CC28B2A1E5D3B00C863E2 /* Release */,
			);
			defaultConfigurationIsVisible = 0;
			defaultConfigurationName = Release;
		};
		9E2CC28C2A1E5D3B00C863E2 /* Build configuration list for PBXNativeTarget "VulkanTutorial" */ = {
			isa = XCConfigurationList;
			buildConfigurations = (
				9E2CC28D2A1E5D3B00C863E2 /* Debug */,
				9E2CC28E2A1E5D3B00C863E2 /* Release */,
			);
			defaultConfigurationIsVisible = 0;
			defaultConfigurationName = Release;
		};
/* End XCConfigurationList section */
	};
	rootObject = 9E2CC27D2A1E5D3B00C863E2 /* Project object */;
}
